// !$*UTF8*$!
{
	archiveVersion = 1;
	classes = {
	};
	objectVersion = 46;
	objects = {

/* Begin PBXBuildFile section */
		FE0B16A01AD2D94B003E6D48 /* Invader.swift in Sources */ = {isa = PBXBuildFile; fileRef = FE0B169F1AD2D94B003E6D48 /* Invader.swift */; };
		FE0B16A21AD2F071003E6D48 /* Player.swift in Sources */ = {isa = PBXBuildFile; fileRef = FE0B16A11AD2F071003E6D48 /* Player.swift */; };
		FE0B16A41AD2F1E6003E6D48 /* Bullet.swift in Sources */ = {isa = PBXBuildFile; fileRef = FE0B16A31AD2F1E6003E6D48 /* Bullet.swift */; };
		FE0B16A61AD2F3FA003E6D48 /* InvaderBullet.swift in Sources */ = {isa = PBXBuildFile; fileRef = FE0B16A51AD2F3FA003E6D48 /* InvaderBullet.swift */; };
		FE0B16A81AD2F43C003E6D48 /* PlayerBullet.swift in Sources */ = {isa = PBXBuildFile; fileRef = FE0B16A71AD2F43C003E6D48 /* PlayerBullet.swift */; };
		FE2525621AD846C2003CE074 /* CONQUEST.ttf in Resources */ = {isa = PBXBuildFile; fileRef = FE2525551AD846C2003CE074 /* CONQUEST.ttf */; };
		FE2525631AD846C2003CE074 /* invader1.png in Resources */ = {isa = PBXBuildFile; fileRef = FE2525561AD846C2003CE074 /* invader1.png */; };
		FE2525641AD846C2003CE074 /* invader2.png in Resources */ = {isa = PBXBuildFile; fileRef = FE2525571AD846C2003CE074 /* invader2.png */; };
		FE2525651AD846C2003CE074 /* invader3.png in Resources */ = {isa = PBXBuildFile; fileRef = FE2525581AD846C2003CE074 /* invader3.png */; };
		FE2525661AD846C2003CE074 /* laser.mp3 in Resources */ = {isa = PBXBuildFile; fileRef = FE2525591AD846C2003CE074 /* laser.mp3 */; };
		FE2525671AD846C2003CE074 /* laser.png in Resources */ = {isa = PBXBuildFile; fileRef = FE25255A1AD846C2003CE074 /* laser.png */; };
		FE2525681AD846C2003CE074 /* newgamebtn.png in Resources */ = {isa = PBXBuildFile; fileRef = FE25255B1AD846C2003CE074 /* newgamebtn.png */; };
		FE2525691AD846C2003CE074 /* nextlevelbtn.png in Resources */ = {isa = PBXBuildFile; fileRef = FE25255C1AD846C2003CE074 /* nextlevelbtn.png */; };
		FE25256A1AD846C2003CE074 /* player1.png in Resources */ = {isa = PBXBuildFile; fileRef = FE25255D1AD846C2003CE074 /* player1.png */; };
		FE25256B1AD846C2003CE074 /* player2.png in Resources */ = {isa = PBXBuildFile; fileRef = FE25255E1AD846C2003CE074 /* player2.png */; };
		FE25256C1AD846C2003CE074 /* star.png in Resources */ = {isa = PBXBuildFile; fileRef = FE25255F1AD846C2003CE074 /* star.png */; };
		FE25256D1AD846C2003CE074 /* start_btn.png in Resources */ = {isa = PBXBuildFile; fileRef = FE2525601AD846C2003CE074 /* start_btn.png */; };
		FE25256E1AD846C2003CE074 /* ufo.png in Resources */ = {isa = PBXBuildFile; fileRef = FE2525611AD846C2003CE074 /* ufo.png */; };
		FEBBE16F1AD7243600EBC7C0 /* Utilities.swift in Sources */ = {isa = PBXBuildFile; fileRef = FEBBE16E1AD7243600EBC7C0 /* Utilities.swift */; };
		FEBF597C1ACB159000F32688 /* StartGameScene.swift in Sources */ = {isa = PBXBuildFile; fileRef = FEBF597B1ACB159000F32688 /* StartGameScene.swift */; };
		FECB08961AC9875100AE708E /* AppDelegate.swift in Sources */ = {isa = PBXBuildFile; fileRef = FECB08951AC9875100AE708E /* AppDelegate.swift */; };
		FECB089A1AC9875100AE708E /* GameScene.swift in Sources */ = {isa = PBXBuildFile; fileRef = FECB08991AC9875100AE708E /* GameScene.swift */; };
		FECB089C1AC9875100AE708E /* GameViewController.swift in Sources */ = {isa = PBXBuildFile; fileRef = FECB089B1AC9875100AE708E /* GameViewController.swift */; };
		FECB089F1AC9875100AE708E /* Main.storyboard in Resources */ = {isa = PBXBuildFile; fileRef = FECB089D1AC9875100AE708E /* Main.storyboard */; };
		FECB08A11AC9875100AE708E /* Images.xcassets in Resources */ = {isa = PBXBuildFile; fileRef = FECB08A01AC9875100AE708E /* Images.xcassets */; };
		FECB08A41AC9875100AE708E /* LaunchScreen.xib in Resources */ = {isa = PBXBuildFile; fileRef = FECB08A21AC9875100AE708E /* LaunchScreen.xib */; };
		FECB08B01AC9875100AE708E /* InvadersTests.swift in Sources */ = {isa = PBXBuildFile; fileRef = FECB08AF1AC9875100AE708E /* InvadersTests.swift */; };
/* End PBXBuildFile section */

/* Begin PBXContainerItemProxy section */
		FECB08AA1AC9875100AE708E /* PBXContainerItemProxy */ = {
			isa = PBXContainerItemProxy;
			containerPortal = FECB08881AC9875100AE708E /* Project object */;
			proxyType = 1;
			remoteGlobalIDString = FECB088F1AC9875100AE708E;
			remoteInfo = Invaders;
		};
/* End PBXContainerItemProxy section */

/* Begin PBXFileReference section */
		FE0B169F1AD2D94B003E6D48 /* Invader.swift */ = {isa = PBXFileReference; fileEncoding = 4; lastKnownFileType = sourcecode.swift; path = Invader.swift; sourceTree = "<group>"; };
		FE0B16A11AD2F071003E6D48 /* Player.swift */ = {isa = PBXFileReference; fileEncoding = 4; lastKnownFileType = sourcecode.swift; path = Player.swift; sourceTree = "<group>"; };
		FE0B16A31AD2F1E6003E6D48 /* Bullet.swift */ = {isa = PBXFileReference; fileEncoding = 4; lastKnownFileType = sourcecode.swift; path = Bullet.swift; sourceTree = "<group>"; };
		FE0B16A51AD2F3FA003E6D48 /* InvaderBullet.swift */ = {isa = PBXFileReference; fileEncoding = 4; lastKnownFileType = sourcecode.swift; path = InvaderBullet.swift; sourceTree = "<group>"; };
		FE0B16A71AD2F43C003E6D48 /* PlayerBullet.swift */ = {isa = PBXFileReference; fileEncoding = 4; lastKnownFileType = sourcecode.swift; path = PlayerBullet.swift; sourceTree = "<group>"; };
		FE2525551AD846C2003CE074 /* CONQUEST.ttf */ = {isa = PBXFileReference; lastKnownFileType = file; path = CONQUEST.ttf; sourceTree = "<group>"; };
		FE2525561AD846C2003CE074 /* invader1.png */ = {isa = PBXFileReference; lastKnownFileType = image.png; path = invader1.png; sourceTree = "<group>"; };
		FE2525571AD846C2003CE074 /* invader2.png */ = {isa = PBXFileReference; lastKnownFileType = image.png; path = invader2.png; sourceTree = "<group>"; };
		FE2525581AD846C2003CE074 /* invader3.png */ = {isa = PBXFileReference; lastKnownFileType = image.png; path = invader3.png; sourceTree = "<group>"; };
		FE2525591AD846C2003CE074 /* laser.mp3 */ = {isa = PBXFileReference; lastKnownFileType = audio.mp3; path = laser.mp3; sourceTree = "<group>"; };
		FE25255A1AD846C2003CE074 /* laser.png */ = {isa = PBXFileReference; lastKnownFileType = image.png; path = laser.png; sourceTree = "<group>"; };
		FE25255B1AD846C2003CE074 /* newgamebtn.png */ = {isa = PBXFileReference; lastKnownFileType = image.png; path = newgamebtn.png; sourceTree = "<group>"; };
		FE25255C1AD846C2003CE074 /* nextlevelbtn.png */ = {isa = PBXFileReference; lastKnownFileType = image.png; path = nextlevelbtn.png; sourceTree = "<group>"; };
		FE25255D1AD846C2003CE074 /* player1.png */ = {isa = PBXFileReference; lastKnownFileType = image.png; path = player1.png; sourceTree = "<group>"; };
		FE25255E1AD846C2003CE074 /* player2.png */ = {isa = PBXFileReference; lastKnownFileType = image.png; path = player2.png; sourceTree = "<group>"; };
		FE25255F1AD846C2003CE074 /* star.png */ = {isa = PBXFileReference; lastKnownFileType = image.png; path = star.png; sourceTree = "<group>"; };
		FE2525601AD846C2003CE074 /* start_btn.png */ = {isa = PBXFileReference; lastKnownFileType = image.png; path = start_btn.png; sourceTree = "<group>"; };
		FE2525611AD846C2003CE074 /* ufo.png */ = {isa = PBXFileReference; lastKnownFileType = image.png; path = ufo.png; sourceTree = "<group>"; };
		FEBBE16E1AD7243600EBC7C0 /* Utilities.swift */ = {isa = PBXFileReference; fileEncoding = 4; lastKnownFileType = sourcecode.swift; path = Utilities.swift; sourceTree = "<group>"; };
		FEBF597B1ACB159000F32688 /* StartGameScene.swift */ = {isa = PBXFileReference; fileEncoding = 4; lastKnownFileType = sourcecode.swift; path = StartGameScene.swift; sourceTree = "<group>"; };
		FECB08901AC9875100AE708E /* Invaders.app */ = {isa = PBXFileReference; explicitFileType = wrapper.application; includeInIndex = 0; path = Invaders.app; sourceTree = BUILT_PRODUCTS_DIR; };
		FECB08941AC9875100AE708E /* Info.plist */ = {isa = PBXFileReference; lastKnownFileType = text.plist.xml; path = Info.plist; sourceTree = "<group>"; };
		FECB08951AC9875100AE708E /* AppDelegate.swift */ = {isa = PBXFileReference; lastKnownFileType = sourcecode.swift; path = AppDelegate.swift; sourceTree = "<group>"; };
		FECB08991AC9875100AE708E /* GameScene.swift */ = {isa = PBXFileReference; lastKnownFileType = sourcecode.swift; path = GameScene.swift; sourceTree = "<group>"; };
		FECB089B1AC9875100AE708E /* GameViewController.swift */ = {isa = PBXFileReference; lastKnownFileType = sourcecode.swift; path = GameViewController.swift; sourceTree = "<group>"; };
		FECB089E1AC9875100AE708E /* Base */ = {isa = PBXFileReference; lastKnownFileType = file.storyboard; name = Base; path = Base.lproj/Main.storyboard; sourceTree = "<group>"; };
		FECB08A01AC9875100AE708E /* Images.xcassets */ = {isa = PBXFileReference; lastKnownFileType = folder.assetcatalog; path = Images.xcassets; sourceTree = "<group>"; };
		FECB08A31AC9875100AE708E /* Base */ = {isa = PBXFileReference; lastKnownFileType = file.xib; name = Base; path = Base.lproj/LaunchScreen.xib; sourceTree = "<group>"; };
		FECB08A91AC9875100AE708E /* InvadersTests.xctest */ = {isa = PBXFileReference; explicitFileType = wrapper.cfbundle; includeInIndex = 0; path = InvadersTests.xctest; sourceTree = BUILT_PRODUCTS_DIR; };
		FECB08AE1AC9875100AE708E /* Info.plist */ = {isa = PBXFileReference; lastKnownFileType = text.plist.xml; path = Info.plist; sourceTree = "<group>"; };
		FECB08AF1AC9875100AE708E /* InvadersTests.swift */ = {isa = PBXFileReference; lastKnownFileType = sourcecode.swift; path = InvadersTests.swift; sourceTree = "<group>"; };
/* End PBXFileReference section */

/* Begin PBXFrameworksBuildPhase section */
		FECB088D1AC9875100AE708E /* Frameworks */ = {
			isa = PBXFrameworksBuildPhase;
			buildActionMask = 2147483647;
			files = (
			);
			runOnlyForDeploymentPostprocessing = 0;
		};
		FECB08A61AC9875100AE708E /* Frameworks */ = {
			isa = PBXFrameworksBuildPhase;
			buildActionMask = 2147483647;
			files = (
			);
			runOnlyForDeploymentPostprocessing = 0;
		};
/* End PBXFrameworksBuildPhase section */

/* Begin PBXGroup section */
		FE25256F1AD846CC003CE074 /* Assets */ = {
			isa = PBXGroup;
			children = (
				FE2525551AD846C2003CE074 /* CONQUEST.ttf */,
				FE2525561AD846C2003CE074 /* invader1.png */,
				FE2525571AD846C2003CE074 /* invader2.png */,
				FE2525581AD846C2003CE074 /* invader3.png */,
				FE2525591AD846C2003CE074 /* laser.mp3 */,
				FE25255A1AD846C2003CE074 /* laser.png */,
				FE25255B1AD846C2003CE074 /* newgamebtn.png */,
				FE25255C1AD846C2003CE074 /* nextlevelbtn.png */,
				FE25255D1AD846C2003CE074 /* player1.png */,
				FE25255E1AD846C2003CE074 /* player2.png */,
				FE25255F1AD846C2003CE074 /* star.png */,
				FE2525601AD846C2003CE074 /* start_btn.png */,
				FE2525611AD846C2003CE074 /* ufo.png */,
			);
			name = Assets;
			sourceTree = "<group>";
		};
		FECB08871AC9875100AE708E = {
			isa = PBXGroup;
			children = (
				FECB08921AC9875100AE708E /* Invaders */,
				FECB08AC1AC9875100AE708E /* InvadersTests */,
				FECB08911AC9875100AE708E /* Products */,
			);
			sourceTree = "<group>";
		};
		FECB08911AC9875100AE708E /* Products */ = {
			isa = PBXGroup;
			children = (
				FECB08901AC9875100AE708E /* Invaders.app */,
				FECB08A91AC9875100AE708E /* InvadersTests.xctest */,
			);
			name = Products;
			sourceTree = "<group>";
		};
		FECB08921AC9875100AE708E /* Invaders */ = {
			isa = PBXGroup;
			children = (
				FECB08951AC9875100AE708E /* AppDelegate.swift */,
				FECB08991AC9875100AE708E /* GameScene.swift */,
				FEBBE16E1AD7243600EBC7C0 /* Utilities.swift */,
				FE0B16A31AD2F1E6003E6D48 /* Bullet.swift */,
				FE0B16A51AD2F3FA003E6D48 /* InvaderBullet.swift */,
				FE0B16A71AD2F43C003E6D48 /* PlayerBullet.swift */,
				FE0B16A11AD2F071003E6D48 /* Player.swift */,
				FECB089B1AC9875100AE708E /* GameViewController.swift */,
				FEBF597B1ACB159000F32688 /* StartGameScene.swift */,
				FE0B169F1AD2D94B003E6D48 /* Invader.swift */,
				FECB089D1AC9875100AE708E /* Main.storyboard */,
				FECB08A01AC9875100AE708E /* Images.xcassets */,
				FECB08A21AC9875100AE708E /* LaunchScreen.xib */,
				FECB08931AC9875100AE708E /* Supporting Files */,
			);
			path = Invaders;
			sourceTree = "<group>";
		};
		FECB08931AC9875100AE708E /* Supporting Files */ = {
			isa = PBXGroup;
			children = (
				FE25256F1AD846CC003CE074 /* Assets */,
				FECB08941AC9875100AE708E /* Info.plist */,
			);
			name = "Supporting Files";
			sourceTree = "<group>";
		};
		FECB08AC1AC9875100AE708E /* InvadersTests */ = {
			isa = PBXGroup;
			children = (
				FECB08AF1AC9875100AE708E /* InvadersTests.swift */,
				FECB08AD1AC9875100AE708E /* Supporting Files */,
			);
			path = InvadersTests;
			sourceTree = "<group>";
		};
		FECB08AD1AC9875100AE708E /* Supporting Files */ = {
			isa = PBXGroup;
			children = (
				FECB08AE1AC9875100AE708E /* Info.plist */,
			);
			name = "Supporting Files";
			sourceTree = "<group>";
		};
/* End PBXGroup section */

/* Begin PBXNativeTarget section */
		FECB088F1AC9875100AE708E /* Invaders */ = {
			isa = PBXNativeTarget;
			buildConfigurationList = FECB08B31AC9875100AE708E /* Build configuration list for PBXNativeTarget "Invaders" */;
			buildPhases = (
				FECB088C1AC9875100AE708E /* Sources */,
				FECB088D1AC9875100AE708E /* Frameworks */,
				FECB088E1AC9875100AE708E /* Resources */,
			);
			buildRules = (
			);
			dependencies = (
			);
			name = Invaders;
			productName = Invaders;
			productReference = FECB08901AC9875100AE708E /* Invaders.app */;
			productType = "com.apple.product-type.application";
		};
		FECB08A81AC9875100AE708E /* InvadersTests */ = {
			isa = PBXNativeTarget;
			buildConfigurationList = FECB08B61AC9875100AE708E /* Build configuration list for PBXNativeTarget "InvadersTests" */;
			buildPhases = (
				FECB08A51AC9875100AE708E /* Sources */,
				FECB08A61AC9875100AE708E /* Frameworks */,
				FECB08A71AC9875100AE708E /* Resources */,
			);
			buildRules = (
			);
			dependencies = (
				FECB08AB1AC9875100AE708E /* PBXTargetDependency */,
			);
			name = InvadersTests;
			productName = InvadersTests;
			productReference = FECB08A91AC9875100AE708E /* InvadersTests.xctest */;
			productType = "com.apple.product-type.bundle.unit-test";
		};
/* End PBXNativeTarget section */

/* Begin PBXProject section */
		FECB08881AC9875100AE708E /* Project object */ = {
			isa = PBXProject;
			attributes = {
				LastUpgradeCheck = 0620;
				ORGANIZATIONNAME = "Daniel Flax";
				TargetAttributes = {
					FECB088F1AC9875100AE708E = {
						CreatedOnToolsVersion = 6.2;
					};
					FECB08A81AC9875100AE708E = {
						CreatedOnToolsVersion = 6.2;
						TestTargetID = FECB088F1AC9875100AE708E;
					};
				};
			};
			buildConfigurationList = FECB088B1AC9875100AE708E /* Build configuration list for PBXProject "Invaders" */;
			compatibilityVersion = "Xcode 3.2";
			developmentRegion = English;
			hasScannedForEncodings = 0;
			knownRegions = (
				en,
				Base,
			);
			mainGroup = FECB08871AC9875100AE708E;
			productRefGroup = FECB08911AC9875100AE708E /* Products */;
			projectDirPath = "";
			projectRoot = "";
			targets = (
				FECB088F1AC9875100AE708E /* Invaders */,
				FECB08A81AC9875100AE708E /* InvadersTests */,
			);
		};
/* End PBXProject section */

/* Begin PBXResourcesBuildPhase section */
		FECB088E1AC9875100AE708E /* Resources */ = {
			isa = PBXResourcesBuildPhase;
			buildActionMask = 2147483647;
			files = (
				FE25256A1AD846C2003CE074 /* player1.png in Resources */,
				FECB08A41AC9875100AE708E /* LaunchScreen.xib in Resources */,
				FECB08A11AC9875100AE708E /* Images.xcassets in Resources */,
				FE2525671AD846C2003CE074 /* laser.png in Resources */,
				FE25256E1AD846C2003CE074 /* ufo.png in Resources */,
				FE2525681AD846C2003CE074 /* newgamebtn.png in Resources */,
				FE2525651AD846C2003CE074 /* invader3.png in Resources */,
				FE2525621AD846C2003CE074 /* CONQUEST.ttf in Resources */,
				FE2525631AD846C2003CE074 /* invader1.png in Resources */,
				FE25256D1AD846C2003CE074 /* start_btn.png in Resources */,
				FE2525691AD846C2003CE074 /* nextlevelbtn.png in Resources */,
				FE2525641AD846C2003CE074 /* invader2.png in Resources */,
				FE25256B1AD846C2003CE074 /* player2.png in Resources */,
				FE25256C1AD846C2003CE074 /* star.png in Resources */,
				FE2525661AD846C2003CE074 /* laser.mp3 in Resources */,
				FECB089F1AC9875100AE708E /* Main.storyboard in Resources */,
			);
			runOnlyForDeploymentPostprocessing = 0;
		};
		FECB08A71AC9875100AE708E /* Resources */ = {
			isa = PBXResourcesBuildPhase;
			buildActionMask = 2147483647;
			files = (
			);
			runOnlyForDeploymentPostprocessing = 0;
		};
/* End PBXResourcesBuildPhase section */

/* Begin PBXSourcesBuildPhase section */
		FECB088C1AC9875100AE708E /* Sources */ = {
			isa = PBXSourcesBuildPhase;
			buildActionMask = 2147483647;
			files = (
				FE0B16A01AD2D94B003E6D48 /* Invader.swift in Sources */,
				FEBBE16F1AD7243600EBC7C0 /* Utilities.swift in Sources */,
				FECB089A1AC9875100AE708E /* GameScene.swift in Sources */,
				FE0B16A61AD2F3FA003E6D48 /* InvaderBullet.swift in Sources */,
				FEBF597C1ACB159000F32688 /* StartGameScene.swift in Sources */,
				FE0B16A21AD2F071003E6D48 /* Player.swift in Sources */,
				FE0B16A81AD2F43C003E6D48 /* PlayerBullet.swift in Sources */,
				FECB089C1AC9875100AE708E /* GameViewController.swift in Sources */,
				FECB08961AC9875100AE708E /* AppDelegate.swift in Sources */,
				FE0B16A41AD2F1E6003E6D48 /* Bullet.swift in Sources */,
			);
			runOnlyForDeploymentPostprocessing = 0;
		};
		FECB08A51AC9875100AE708E /* Sources */ = {
			isa = PBXSourcesBuildPhase;
			buildActionMask = 2147483647;
			files = (
				FECB08B01AC9875100AE708E /* InvadersTests.swift in Sources */,
			);
			runOnlyForDeploymentPostprocessing = 0;
		};
/* End PBXSourcesBuildPhase section */

/* Begin PBXTargetDependency section */
		FECB08AB1AC9875100AE708E /* PBXTargetDependency */ = {
			isa = PBXTargetDependency;
			target = FECB088F1AC9875100AE708E /* Invaders */;
			targetProxy = FECB08AA1AC9875100AE708E /* PBXContainerItemProxy */;
		};
/* End PBXTargetDependency section */

/* Begin PBXVariantGroup section */
		FECB089D1AC9875100AE708E /* Main.storyboard */ = {
			isa = PBXVariantGroup;
			children = (
				FECB089E1AC9875100AE708E /* Base */,
			);
			name = Main.storyboard;
			sourceTree = "<group>";
		};
		FECB08A21AC9875100AE708E /* LaunchScreen.xib */ = {
			isa = PBXVariantGroup;
			children = (
				FECB08A31AC9875100AE708E /* Base */,
			);
			name = LaunchScreen.xib;
			sourceTree = "<group>";
		};
/* End PBXVariantGroup section */

/* Begin XCBuildConfiguration section */
		FECB08B11AC9875100AE708E /* Debug */ = {
			isa = XCBuildConfiguration;
			buildSettings = {
				ALWAYS_SEARCH_USER_PATHS = NO;
				CLANG_CXX_LANGUAGE_STANDARD = "gnu++0x";
				CLANG_CXX_LIBRARY = "libc++";
				CLANG_ENABLE_MODULES = YES;
				CLANG_ENABLE_OBJC_ARC = YES;
				CLANG_WARN_BOOL_CONVERSION = YES;
				CLANG_WARN_CONSTANT_CONVERSION = YES;
				CLANG_WARN_DIRECT_OBJC_ISA_USAGE = YES_ERROR;
				CLANG_WARN_EMPTY_BODY = YES;
				CLANG_WARN_ENUM_CONVERSION = YES;
				CLANG_WARN_INT_CONVERSION = YES;
				CLANG_WARN_OBJC_ROOT_CLASS = YES_ERROR;
				CLANG_WARN_UNREACHABLE_CODE = YES;
				CLANG_WARN__DUPLICATE_METHOD_MATCH = YES;
				"CODE_SIGN_IDENTITY[sdk=iphoneos*]" = "iPhone Developer";
				COPY_PHASE_STRIP = NO;
				ENABLE_STRICT_OBJC_MSGSEND = YES;
				GCC_C_LANGUAGE_STANDARD = gnu99;
				GCC_DYNAMIC_NO_PIC = NO;
				GCC_OPTIMIZATION_LEVEL = 0;
				GCC_PREPROCESSOR_DEFINITIONS = (
					"DEBUG=1",
					"$(inherited)",
				);
				GCC_SYMBOLS_PRIVATE_EXTERN = NO;
				GCC_WARN_64_TO_32_BIT_CONVERSION = YES;
				GCC_WARN_ABOUT_RETURN_TYPE = YES_ERROR;
				GCC_WARN_UNDECLARED_SELECTOR = YES;
				GCC_WARN_UNINITIALIZED_AUTOS = YES_AGGRESSIVE;
				GCC_WARN_UNUSED_FUNCTION = YES;
				GCC_WARN_UNUSED_VARIABLE = YES;
				IPHONEOS_DEPLOYMENT_TARGET = 8.2;
				MTL_ENABLE_DEBUG_INFO = YES;
				ONLY_ACTIVE_ARCH = YES;
				SDKROOT = iphoneos;
				SWIFT_OPTIMIZATION_LEVEL = "-Onone";
				TARGETED_DEVICE_FAMILY = 2;
			};
			name = Debug;
		};
		FECB08B21AC9875100AE708E /* Release */ = {
			isa = XCBuildConfiguration;
			buildSettings = {
				ALWAYS_SEARCH_USER_PATHS = NO;
				CLANG_CXX_LANGUAGE_STANDARD = "gnu++0x";
				CLANG_CXX_LIBRARY = "libc++";
				CLANG_ENABLE_MODULES = YES;
				CLANG_ENABLE_OBJC_ARC = YES;
				CLANG_WARN_BOOL_CONVERSION = YES;
				CLANG_WARN_CONSTANT_CONVERSION = YES;
				CLANG_WARN_DIRECT_OBJC_ISA_USAGE = YES_ERROR;
				CLANG_WARN_EMPTY_BODY = YES;
				CLANG_WARN_ENUM_CONVERSION = YES;
				CLANG_WARN_INT_CONVERSION = YES;
				CLANG_WARN_OBJC_ROOT_CLASS = YES_ERROR;
				CLANG_WARN_UNREACHABLE_CODE = YES;
				CLANG_WARN__DUPLICATE_METHOD_MATCH = YES;
				"CODE_SIGN_IDENTITY[sdk=iphoneos*]" = "iPhone Developer";
				COPY_PHASE_STRIP = NO;
				ENABLE_NS_ASSERTIONS = NO;
				ENABLE_STRICT_OBJC_MSGSEND = YES;
				GCC_C_LANGUAGE_STANDARD = gnu99;
				GCC_WARN_64_TO_32_BIT_CONVERSION = YES;
				GCC_WARN_ABOUT_RETURN_TYPE = YES_ERROR;
				GCC_WARN_UNDECLARED_SELECTOR = YES;
				GCC_WARN_UNINITIALIZED_AUTOS = YES_AGGRESSIVE;
				GCC_WARN_UNUSED_FUNCTION = YES;
				GCC_WARN_UNUSED_VARIABLE = YES;
				IPHONEOS_DEPLOYMENT_TARGET = 8.2;
				MTL_ENABLE_DEBUG_INFO = NO;
				SDKROOT = iphoneos;
				TARGETED_DEVICE_FAMILY = 2;
				VALIDATE_PRODUCT = YES;
			};
			name = Release;
		};
		FECB08B41AC9875100AE708E /* Debug */ = {
			isa = XCBuildConfiguration;
			buildSettings = {
				ASSETCATALOG_COMPILER_APPICON_NAME = AppIcon;
				INFOPLIST_FILE = Invaders/Info.plist;
				LD_RUNPATH_SEARCH_PATHS = "$(inherited) @executable_path/Frameworks";
				PRODUCT_NAME = "$(TARGET_NAME)";
				TARGETED_DEVICE_FAMILY = "1,2";
			};
			name = Debug;
		};
		FECB08B51AC9875100AE708E /* Release */ = {
			isa = XCBuildConfiguration;
			buildSettings = {
				ASSETCATALOG_COMPILER_APPICON_NAME = AppIcon;
				INFOPLIST_FILE = Invaders/Info.plist;
				LD_RUNPATH_SEARCH_PATHS = "$(inherited) @executable_path/Frameworks";
				PRODUCT_NAME = "$(TARGET_NAME)";
				TARGETED_DEVICE_FAMILY = "1,2";
			};
			name = Release;
		};
		FECB08B71AC9875100AE708E /* Debug */ = {
			isa = XCBuildConfiguration;
			buildSettings = {
				BUNDLE_LOADER = "$(TEST_HOST)";
				FRAMEWORK_SEARCH_PATHS = (
					"$(SDKROOT)/Developer/Library/Frameworks",
					"$(inherited)",
				);
				GCC_PREPROCESSOR_DEFINITIONS = (
					"DEBUG=1",
					"$(inherited)",
				);
				INFOPLIST_FILE = InvadersTests/Info.plist;
				LD_RUNPATH_SEARCH_PATHS = "$(inherited) @executable_path/Frameworks @loader_path/Frameworks";
				PRODUCT_NAME = "$(TARGET_NAME)";
				TEST_HOST = "$(BUILT_PRODUCTS_DIR)/Invaders.app/Invaders";
			};
			name = Debug;
		};
		FECB08B81AC9875100AE708E /* Release */ = {
			isa = XCBuildConfiguration;
			buildSettings = {
				BUNDLE_LOADER = "$(TEST_HOST)";
				FRAMEWORK_SEARCH_PATHS = (
					"$(SDKROOT)/Developer/Library/Frameworks",
					"$(inherited)",
				);
				INFOPLIST_FILE = InvadersTests/Info.plist;
				LD_RUNPATH_SEARCH_PATHS = "$(inherited) @executable_path/Frameworks @loader_path/Frameworks";
				PRODUCT_NAME = "$(TARGET_NAME)";
				TEST_HOST = "$(BUILT_PRODUCTS_DIR)/Invaders.app/Invaders";
			};
			name = Release;
		};
/* End XCBuildConfiguration section */

/* Begin XCConfigurationList section */
		FECB088B1AC9875100AE708E /* Build configuration list for PBXProject "Invaders" */ = {
			isa = XCConfigurationList;
			buildConfigurations = (
				FECB08B11AC9875100AE708E /* Debug */,
				FECB08B21AC9875100AE708E /* Release */,
			);
			defaultConfigurationIsVisible = 0;
			defaultConfigurationName = Release;
		};
		FECB08B31AC9875100AE708E /* Build configuration list for PBXNativeTarget "Invaders" */ = {
			isa = XCConfigurationList;
			buildConfigurations = (
				FECB08B41AC9875100AE708E /* Debug */,
				FECB08B51AC9875100AE708E /* Release */,
			);
			defaultConfigurationIsVisible = 0;
			defaultConfigurationName = Release;
		};
		FECB08B61AC9875100AE708E /* Build configuration list for PBXNativeTarget "InvadersTests" */ = {
			isa = XCConfigurationList;
			buildConfigurations = (
				FECB08B71AC9875100AE708E /* Debug */,
				FECB08B81AC9875100AE708E /* Release */,
			);
			defaultConfigurationIsVisible = 0;
			defaultConfigurationName = Release;
		};
/* End XCConfigurationList section */
	};
	rootObject = FECB08881AC9875100AE708E /* Project object */;
}
